<?xml version="1.0" encoding="utf-8"?>
<Project ToolsVersion="4.0" xmlns="http://schemas.microsoft.com/developer/msbuild/2003">
  <ItemGroup>
    <Filter Include="main">
      <UniqueIdentifier>{935778db-edf7-48c4-91ca-74b7b1163acb}</UniqueIdentifier>
    </Filter>
    <Filter Include="lib">
      <UniqueIdentifier>{c0f61e9a-db53-4adc-a29f-27d75a84e416}</UniqueIdentifier>
    </Filter>
    <Filter Include="domain">
      <UniqueIdentifier>{9a043441-5829-48a3-b2fe-94d0968061fd}</UniqueIdentifier>
    </Filter>
    <Filter Include="domain\entities">
      <UniqueIdentifier>{ce3bbee3-75f7-4684-8a8c-6c4d5b9a9711}</UniqueIdentifier>
    </Filter>
    <Filter Include="domain\repository">
      <UniqueIdentifier>{d7e13d4b-5ae3-4d66-a3c6-7abf134d8719}</UniqueIdentifier>
    </Filter>
  </ItemGroup>
  <ItemGroup>
    <ClCompile Include="main.cpp">
      <Filter>main</Filter>
    </ClCompile>
    <ClCompile Include="user.cpp">
      <Filter>domain\entities</Filter>
    </ClCompile>
    <ClCompile Include="password.manager.cpp">
      <Filter>domain</Filter>
    </ClCompile>
  </ItemGroup>
  <ItemGroup>
    <ClInclude Include="header_lib.h">
      <Filter>lib</Filter>
    </ClInclude>
    <ClInclude Include="password_manager.h">
      <Filter>domain</Filter>
    </ClInclude>
    <ClInclude Include="category_manager.h">
      <Filter>domain</Filter>
    </ClInclude>
    <ClInclude Include="backup_manager.h">
      <Filter>domain</Filter>
    </ClInclude>
    <ClInclude Include="database.h">
      <Filter>domain\repository</Filter>
    </ClInclude>
    <ClInclude Include="ui.h">
      <Filter>domain\repository</Filter>
    </ClInclude>
    <ClInclude Include="audit_log.h">
      <Filter>domain\entities</Filter>
    </ClInclude>
    <ClInclude Include="encryption.h">
      <Filter>domain\entities</Filter>
    </ClInclude>
    <ClInclude Include="user.h">
      <Filter>domain\entities</Filter>
    </ClInclude>
  </ItemGroup>
</Project>